
Microsoft Visual Studio Solution File, Format Version 12.00
# Visual Studio Version 16
VisualStudioVersion = 16.0.31727.386
MinimumVisualStudioVersion = 10.0.40219.1
Project("{FAE04EC0-301F-11D3-BF4B-00C04F79EFBC}") = "RPS - Graphical", "RPS - Graphical\RPS - Graphical.csproj", "{94E115A3-E239-4690-B0C9-3D61B097A083}"
EndProject
Global
	GlobalSection(SolutionConfigurationPlatforms) = preSolution
		Debug|Any CPU = Debug|Any CPU
		Release|Any CPU = Release|Any CPU
	EndGlobalSection
	GlobalSection(ProjectConfigurationPlatforms) = postSolution
		{94E115A3-E239-4690-B0C9-3D61B097A083}.Debug|Any CPU.ActiveCfg = Debug|Any CPU
		{94E115A3-E239-4690-B0C9-3D61B097A083}.Debug|Any CPU.Build.0 = Debug|Any CPU
		{94E115A3-E239-4690-B0C9-3D61B097A083}.Release|Any CPU.ActiveCfg = Release|Any CPU
		{94E115A3-E239-4690-B0C9-3D61B097A083}.Release|Any CPU.Build.0 = Release|Any CPU
	EndGlobalSection
	GlobalSection(SolutionProperties) = preSolution
		HideSolutionNode = FALSE
	EndGlobalSection
	GlobalSection(ExtensibilityGlobals) = postSolution
		SolutionGuid = {06B193F9-C327-4715-A240-B251EEB5093C}
	EndGlobalSection
EndGlobal
